// !$*UTF8*$!
{
	archiveVersion = 1;
	classes = {
	};
	objectVersion = 46;
	objects = {

/* Begin PBXBuildFile section */
		AC47020116B4A6010079DF39 /* LoginViewController.m in Sources */ = {isa = PBXBuildFile; fileRef = AC47020016B4A6010079DF39 /* LoginViewController.m */; };
		F032EF4A16B4688600895675 /* UIKit.framework in Frameworks */ = {isa = PBXBuildFile; fileRef = F032EF4916B4688600895675 /* UIKit.framework */; };
		F032EF4C16B4688600895675 /* Foundation.framework in Frameworks */ = {isa = PBXBuildFile; fileRef = F032EF4B16B4688600895675 /* Foundation.framework */; };
		F032EF4E16B4688600895675 /* CoreGraphics.framework in Frameworks */ = {isa = PBXBuildFile; fileRef = F032EF4D16B4688600895675 /* CoreGraphics.framework */; };
		F032EF5416B4688600895675 /* InfoPlist.strings in Resources */ = {isa = PBXBuildFile; fileRef = F032EF5216B4688600895675 /* InfoPlist.strings */; };
		F032EF5616B4688600895675 /* main.m in Sources */ = {isa = PBXBuildFile; fileRef = F032EF5516B4688600895675 /* main.m */; };
		F032EF5A16B4688600895675 /* AppDelegate.m in Sources */ = {isa = PBXBuildFile; fileRef = F032EF5916B4688600895675 /* AppDelegate.m */; };
		F032EF5C16B4688600895675 /* Default.png in Resources */ = {isa = PBXBuildFile; fileRef = F032EF5B16B4688600895675 /* Default.png */; };
		F032EF5E16B4688600895675 /* Default@2x.png in Resources */ = {isa = PBXBuildFile; fileRef = F032EF5D16B4688600895675 /* Default@2x.png */; };
		F032EF6016B4688600895675 /* Default-568h@2x.png in Resources */ = {isa = PBXBuildFile; fileRef = F032EF5F16B4688600895675 /* Default-568h@2x.png */; };
		F032EF7016B46AAF00895675 /* Parse.framework in Frameworks */ = {isa = PBXBuildFile; fileRef = F032EF6F16B46AAF00895675 /* Parse.framework */; };
		F032EF7216B46B6900895675 /* AudioToolbox.framework in Frameworks */ = {isa = PBXBuildFile; fileRef = F032EF7116B46B6900895675 /* AudioToolbox.framework */; };
		F032EF7416B46B7000895675 /* Accounts.framework in Frameworks */ = {isa = PBXBuildFile; fileRef = F032EF7316B46B7000895675 /* Accounts.framework */; };
		F032EF7616B46B7E00895675 /* AdSupport.framework in Frameworks */ = {isa = PBXBuildFile; fileRef = F032EF7516B46B7E00895675 /* AdSupport.framework */; };
		F032EF7816B46B9400895675 /* CFNetwork.framework in Frameworks */ = {isa = PBXBuildFile; fileRef = F032EF7716B46B9400895675 /* CFNetwork.framework */; };
		F032EF7A16B46BA000895675 /* CoreLocation.framework in Frameworks */ = {isa = PBXBuildFile; fileRef = F032EF7916B46BA000895675 /* CoreLocation.framework */; };
		F032EF7C16B46BAB00895675 /* libsqlite3.dylib in Frameworks */ = {isa = PBXBuildFile; fileRef = F032EF7B16B46BAB00895675 /* libsqlite3.dylib */; };
		F032EF7E16B46BB300895675 /* libz.1.1.3.dylib in Frameworks */ = {isa = PBXBuildFile; fileRef = F032EF7D16B46BB300895675 /* libz.1.1.3.dylib */; };
		F032EF8016B46BB800895675 /* MobileCoreServices.framework in Frameworks */ = {isa = PBXBuildFile; fileRef = F032EF7F16B46BB800895675 /* MobileCoreServices.framework */; };
		F032EF8216B46BBF00895675 /* QuartzCore.framework in Frameworks */ = {isa = PBXBuildFile; fileRef = F032EF8116B46BBF00895675 /* QuartzCore.framework */; };
		F032EF8416B46BC600895675 /* Security.framework in Frameworks */ = {isa = PBXBuildFile; fileRef = F032EF8316B46BC600895675 /* Security.framework */; };
		F032EF8616B46BCC00895675 /* Social.framework in Frameworks */ = {isa = PBXBuildFile; fileRef = F032EF8516B46BCC00895675 /* Social.framework */; };
		F032EF8816B46BD200895675 /* StoreKit.framework in Frameworks */ = {isa = PBXBuildFile; fileRef = F032EF8716B46BD200895675 /* StoreKit.framework */; };
		F032EF8A16B46BD800895675 /* SystemConfiguration.framework in Frameworks */ = {isa = PBXBuildFile; fileRef = F032EF8916B46BD800895675 /* SystemConfiguration.framework */; };
		F0A9DAC916B49D7700CB63A2 /* LaunchScreenViewController.m in Sources */ = {isa = PBXBuildFile; fileRef = F0A9DAC816B49D7700CB63A2 /* LaunchScreenViewController.m */; };
		F0C2A61E16B48A14003C4BAC /* SearchManager.m in Sources */ = {isa = PBXBuildFile; fileRef = F0C2A61D16B48A14003C4BAC /* SearchManager.m */; };
		F0C2A62116B48C93003C4BAC /* ListingsViewController.m in Sources */ = {isa = PBXBuildFile; fileRef = F0C2A62016B48C93003C4BAC /* ListingsViewController.m */; };
/* End PBXBuildFile section */

/* Begin PBXFileReference section */
		AC4701FF16B4A6010079DF39 /* LoginViewController.h */ = {isa = PBXFileReference; fileEncoding = 4; lastKnownFileType = sourcecode.c.h; path = LoginViewController.h; sourceTree = "<group>"; };
		AC47020016B4A6010079DF39 /* LoginViewController.m */ = {isa = PBXFileReference; fileEncoding = 4; lastKnownFileType = sourcecode.c.objc; path = LoginViewController.m; sourceTree = "<group>"; };
		F032EF4616B4688600895675 /* theList.app */ = {isa = PBXFileReference; explicitFileType = wrapper.application; includeInIndex = 0; path = theList.app; sourceTree = BUILT_PRODUCTS_DIR; };
		F032EF4916B4688600895675 /* UIKit.framework */ = {isa = PBXFileReference; lastKnownFileType = wrapper.framework; name = UIKit.framework; path = System/Library/Frameworks/UIKit.framework; sourceTree = SDKROOT; };
		F032EF4B16B4688600895675 /* Foundation.framework */ = {isa = PBXFileReference; lastKnownFileType = wrapper.framework; name = Foundation.framework; path = System/Library/Frameworks/Foundation.framework; sourceTree = SDKROOT; };
		F032EF4D16B4688600895675 /* CoreGraphics.framework */ = {isa = PBXFileReference; lastKnownFileType = wrapper.framework; name = CoreGraphics.framework; path = System/Library/Frameworks/CoreGraphics.framework; sourceTree = SDKROOT; };
		F032EF5116B4688600895675 /* theList-Info.plist */ = {isa = PBXFileReference; lastKnownFileType = text.plist.xml; path = "theList-Info.plist"; sourceTree = "<group>"; };
		F032EF5316B4688600895675 /* en */ = {isa = PBXFileReference; lastKnownFileType = text.plist.strings; name = en; path = en.lproj/InfoPlist.strings; sourceTree = "<group>"; };
		F032EF5516B4688600895675 /* main.m */ = {isa = PBXFileReference; lastKnownFileType = sourcecode.c.objc; path = main.m; sourceTree = "<group>"; };
		F032EF5716B4688600895675 /* theList-Prefix.pch */ = {isa = PBXFileReference; lastKnownFileType = sourcecode.c.h; path = "theList-Prefix.pch"; sourceTree = "<group>"; };
		F032EF5816B4688600895675 /* AppDelegate.h */ = {isa = PBXFileReference; lastKnownFileType = sourcecode.c.h; path = AppDelegate.h; sourceTree = "<group>"; };
		F032EF5916B4688600895675 /* AppDelegate.m */ = {isa = PBXFileReference; lastKnownFileType = sourcecode.c.objc; path = AppDelegate.m; sourceTree = "<group>"; };
		F032EF5B16B4688600895675 /* Default.png */ = {isa = PBXFileReference; lastKnownFileType = image.png; path = Default.png; sourceTree = "<group>"; };
		F032EF5D16B4688600895675 /* Default@2x.png */ = {isa = PBXFileReference; lastKnownFileType = image.png; path = "Default@2x.png"; sourceTree = "<group>"; };
		F032EF5F16B4688600895675 /* Default-568h@2x.png */ = {isa = PBXFileReference; lastKnownFileType = image.png; path = "Default-568h@2x.png"; sourceTree = "<group>"; };
		F032EF6F16B46AAF00895675 /* Parse.framework */ = {isa = PBXFileReference; lastKnownFileType = wrapper.framework; path = Parse.framework; sourceTree = "<group>"; };
		F032EF7116B46B6900895675 /* AudioToolbox.framework */ = {isa = PBXFileReference; lastKnownFileType = wrapper.framework; name = AudioToolbox.framework; path = System/Library/Frameworks/AudioToolbox.framework; sourceTree = SDKROOT; };
		F032EF7316B46B7000895675 /* Accounts.framework */ = {isa = PBXFileReference; lastKnownFileType = wrapper.framework; name = Accounts.framework; path = System/Library/Frameworks/Accounts.framework; sourceTree = SDKROOT; };
		F032EF7516B46B7E00895675 /* AdSupport.framework */ = {isa = PBXFileReference; lastKnownFileType = wrapper.framework; name = AdSupport.framework; path = System/Library/Frameworks/AdSupport.framework; sourceTree = SDKROOT; };
		F032EF7716B46B9400895675 /* CFNetwork.framework */ = {isa = PBXFileReference; lastKnownFileType = wrapper.framework; name = CFNetwork.framework; path = System/Library/Frameworks/CFNetwork.framework; sourceTree = SDKROOT; };
		F032EF7916B46BA000895675 /* CoreLocation.framework */ = {isa = PBXFileReference; lastKnownFileType = wrapper.framework; name = CoreLocation.framework; path = System/Library/Frameworks/CoreLocation.framework; sourceTree = SDKROOT; };
		F032EF7B16B46BAB00895675 /* libsqlite3.dylib */ = {isa = PBXFileReference; lastKnownFileType = "compiled.mach-o.dylib"; name = libsqlite3.dylib; path = usr/lib/libsqlite3.dylib; sourceTree = SDKROOT; };
		F032EF7D16B46BB300895675 /* libz.1.1.3.dylib */ = {isa = PBXFileReference; lastKnownFileType = "compiled.mach-o.dylib"; name = libz.1.1.3.dylib; path = usr/lib/libz.1.1.3.dylib; sourceTree = SDKROOT; };
		F032EF7F16B46BB800895675 /* MobileCoreServices.framework */ = {isa = PBXFileReference; lastKnownFileType = wrapper.framework; name = MobileCoreServices.framework; path = System/Library/Frameworks/MobileCoreServices.framework; sourceTree = SDKROOT; };
		F032EF8116B46BBF00895675 /* QuartzCore.framework */ = {isa = PBXFileReference; lastKnownFileType = wrapper.framework; name = QuartzCore.framework; path = System/Library/Frameworks/QuartzCore.framework; sourceTree = SDKROOT; };
		F032EF8316B46BC600895675 /* Security.framework */ = {isa = PBXFileReference; lastKnownFileType = wrapper.framework; name = Security.framework; path = System/Library/Frameworks/Security.framework; sourceTree = SDKROOT; };
		F032EF8516B46BCC00895675 /* Social.framework */ = {isa = PBXFileReference; lastKnownFileType = wrapper.framework; name = Social.framework; path = System/Library/Frameworks/Social.framework; sourceTree = SDKROOT; };
		F032EF8716B46BD200895675 /* StoreKit.framework */ = {isa = PBXFileReference; lastKnownFileType = wrapper.framework; name = StoreKit.framework; path = System/Library/Frameworks/StoreKit.framework; sourceTree = SDKROOT; };
		F032EF8916B46BD800895675 /* SystemConfiguration.framework */ = {isa = PBXFileReference; lastKnownFileType = wrapper.framework; name = SystemConfiguration.framework; path = System/Library/Frameworks/SystemConfiguration.framework; sourceTree = SDKROOT; };
		F0A9DAC716B49D7700CB63A2 /* LaunchScreenViewController.h */ = {isa = PBXFileReference; fileEncoding = 4; lastKnownFileType = sourcecode.c.h; path = LaunchScreenViewController.h; sourceTree = "<group>"; };
		F0A9DAC816B49D7700CB63A2 /* LaunchScreenViewController.m */ = {isa = PBXFileReference; fileEncoding = 4; lastKnownFileType = sourcecode.c.objc; path = LaunchScreenViewController.m; sourceTree = "<group>"; };
		F0C2A61116B483FE003C4BAC /* Constants.h */ = {isa = PBXFileReference; fileEncoding = 4; lastKnownFileType = sourcecode.c.h; name = Constants.h; path = ../Constants.h; sourceTree = "<group>"; };
		F0C2A61C16B48A14003C4BAC /* SearchManager.h */ = {isa = PBXFileReference; fileEncoding = 4; lastKnownFileType = sourcecode.c.h; path = SearchManager.h; sourceTree = "<group>"; };
		F0C2A61D16B48A14003C4BAC /* SearchManager.m */ = {isa = PBXFileReference; fileEncoding = 4; lastKnownFileType = sourcecode.c.objc; path = SearchManager.m; sourceTree = "<group>"; };
		F0C2A61F16B48C93003C4BAC /* ListingsViewController.h */ = {isa = PBXFileReference; fileEncoding = 4; lastKnownFileType = sourcecode.c.h; name = ListingsViewController.h; path = ../ListingsViewController.h; sourceTree = "<group>"; };
		F0C2A62016B48C93003C4BAC /* ListingsViewController.m */ = {isa = PBXFileReference; fileEncoding = 4; lastKnownFileType = sourcecode.c.objc; name = ListingsViewController.m; path = ../ListingsViewController.m; sourceTree = "<group>"; };
/* End PBXFileReference section */

/* Begin PBXFrameworksBuildPhase section */
		F032EF4316B4688600895675 /* Frameworks */ = {
			isa = PBXFrameworksBuildPhase;
			buildActionMask = 2147483647;
			files = (
				F032EF8A16B46BD800895675 /* SystemConfiguration.framework in Frameworks */,
				F032EF8816B46BD200895675 /* StoreKit.framework in Frameworks */,
				F032EF8616B46BCC00895675 /* Social.framework in Frameworks */,
				F032EF8416B46BC600895675 /* Security.framework in Frameworks */,
				F032EF8216B46BBF00895675 /* QuartzCore.framework in Frameworks */,
				F032EF8016B46BB800895675 /* MobileCoreServices.framework in Frameworks */,
				F032EF7E16B46BB300895675 /* libz.1.1.3.dylib in Frameworks */,
				F032EF7C16B46BAB00895675 /* libsqlite3.dylib in Frameworks */,
				F032EF7A16B46BA000895675 /* CoreLocation.framework in Frameworks */,
				F032EF4E16B4688600895675 /* CoreGraphics.framework in Frameworks */,
				F032EF7816B46B9400895675 /* CFNetwork.framework in Frameworks */,
				F032EF7616B46B7E00895675 /* AdSupport.framework in Frameworks */,
				F032EF7416B46B7000895675 /* Accounts.framework in Frameworks */,
				F032EF7216B46B6900895675 /* AudioToolbox.framework in Frameworks */,
				F032EF4A16B4688600895675 /* UIKit.framework in Frameworks */,
				F032EF4C16B4688600895675 /* Foundation.framework in Frameworks */,
				F032EF7016B46AAF00895675 /* Parse.framework in Frameworks */,
			);
			runOnlyForDeploymentPostprocessing = 0;
		};
/* End PBXFrameworksBuildPhase section */

/* Begin PBXGroup section */
		AC47020216B4ABEA0079DF39 /* Login */ = {
			isa = PBXGroup;
			children = (
				AC4701FF16B4A6010079DF39 /* LoginViewController.h */,
				AC47020016B4A6010079DF39 /* LoginViewController.m */,
			);
			name = Login;
			sourceTree = "<group>";
		};
		F032EF3D16B4688600895675 = {
			isa = PBXGroup;
			children = (
				F032EF4F16B4688600895675 /* theList */,
				F032EF4816B4688600895675 /* Frameworks */,
				F032EF4716B4688600895675 /* Products */,
			);
			sourceTree = "<group>";
		};
		F032EF4716B4688600895675 /* Products */ = {
			isa = PBXGroup;
			children = (
				F032EF4616B4688600895675 /* theList.app */,
			);
			name = Products;
			sourceTree = "<group>";
		};
		F032EF4816B4688600895675 /* Frameworks */ = {
			isa = PBXGroup;
			children = (
				F032EF8916B46BD800895675 /* SystemConfiguration.framework */,
				F032EF8716B46BD200895675 /* StoreKit.framework */,
				F032EF8516B46BCC00895675 /* Social.framework */,
				F032EF8316B46BC600895675 /* Security.framework */,
				F032EF8116B46BBF00895675 /* QuartzCore.framework */,
				F032EF7F16B46BB800895675 /* MobileCoreServices.framework */,
				F032EF7D16B46BB300895675 /* libz.1.1.3.dylib */,
				F032EF7B16B46BAB00895675 /* libsqlite3.dylib */,
				F032EF7916B46BA000895675 /* CoreLocation.framework */,
				F032EF7716B46B9400895675 /* CFNetwork.framework */,
				F032EF7516B46B7E00895675 /* AdSupport.framework */,
				F032EF7316B46B7000895675 /* Accounts.framework */,
				F032EF7116B46B6900895675 /* AudioToolbox.framework */,
				F032EF6F16B46AAF00895675 /* Parse.framework */,
				F032EF4916B4688600895675 /* UIKit.framework */,
				F032EF4B16B4688600895675 /* Foundation.framework */,
				F032EF4D16B4688600895675 /* CoreGraphics.framework */,
			);
			name = Frameworks;
			sourceTree = "<group>";
		};
		F032EF4F16B4688600895675 /* theList */ = {
			isa = PBXGroup;
			children = (
				F0C2A61116B483FE003C4BAC /* Constants.h */,
				F032EF5816B4688600895675 /* AppDelegate.h */,
				F032EF5916B4688600895675 /* AppDelegate.m */,
				F0A9DAC716B49D7700CB63A2 /* LaunchScreenViewController.h */,
				F0A9DAC816B49D7700CB63A2 /* LaunchScreenViewController.m */,
				AC47020216B4ABEA0079DF39 /* Login */,
				F0C2A61516B485C9003C4BAC /* Listings */,
				F032EF5016B4688600895675 /* Supporting Files */,
			);
			path = theList;
			sourceTree = "<group>";
		};
		F032EF5016B4688600895675 /* Supporting Files */ = {
			isa = PBXGroup;
			children = (
				F032EF5116B4688600895675 /* theList-Info.plist */,
				F032EF5216B4688600895675 /* InfoPlist.strings */,
				F032EF5516B4688600895675 /* main.m */,
				F032EF5716B4688600895675 /* theList-Prefix.pch */,
				F032EF5B16B4688600895675 /* Default.png */,
				F032EF5D16B4688600895675 /* Default@2x.png */,
				F032EF5F16B4688600895675 /* Default-568h@2x.png */,
			);
			name = "Supporting Files";
			sourceTree = "<group>";
		};
		F0C2A61516B485C9003C4BAC /* Listings */ = {
			isa = PBXGroup;
			children = (
				F0C2A61F16B48C93003C4BAC /* ListingsViewController.h */,
				F0C2A62016B48C93003C4BAC /* ListingsViewController.m */,
				F0C2A61C16B48A14003C4BAC /* SearchManager.h */,
				F0C2A61D16B48A14003C4BAC /* SearchManager.m */,
			);
			name = Listings;
			sourceTree = "<group>";
		};
/* End PBXGroup section */

/* Begin PBXNativeTarget section */
		F032EF4516B4688600895675 /* theList */ = {
			isa = PBXNativeTarget;
			buildConfigurationList = F032EF6C16B4688700895675 /* Build configuration list for PBXNativeTarget "theList" */;
			buildPhases = (
				F032EF4216B4688600895675 /* Sources */,
				F032EF4316B4688600895675 /* Frameworks */,
				F032EF4416B4688600895675 /* Resources */,
			);
			buildRules = (
			);
			dependencies = (
			);
			name = theList;
			productName = theList;
			productReference = F032EF4616B4688600895675 /* theList.app */;
			productType = "com.apple.product-type.application";
		};
/* End PBXNativeTarget section */

/* Begin PBXProject section */
		F032EF3E16B4688600895675 /* Project object */ = {
			isa = PBXProject;
			attributes = {
				LastUpgradeCheck = 0460;
				ORGANIZATIONNAME = "Eugene Bistolas";
			};
			buildConfigurationList = F032EF4116B4688600895675 /* Build configuration list for PBXProject "theList" */;
			compatibilityVersion = "Xcode 3.2";
			developmentRegion = English;
			hasScannedForEncodings = 0;
			knownRegions = (
				en,
			);
			mainGroup = F032EF3D16B4688600895675;
			productRefGroup = F032EF4716B4688600895675 /* Products */;
			projectDirPath = "";
			projectRoot = "";
			targets = (
				F032EF4516B4688600895675 /* theList */,
			);
		};
/* End PBXProject section */

/* Begin PBXResourcesBuildPhase section */
		F032EF4416B4688600895675 /* Resources */ = {
			isa = PBXResourcesBuildPhase;
			buildActionMask = 2147483647;
			files = (
				F032EF5416B4688600895675 /* InfoPlist.strings in Resources */,
				F032EF5C16B4688600895675 /* Default.png in Resources */,
				F032EF5E16B4688600895675 /* Default@2x.png in Resources */,
				F032EF6016B4688600895675 /* Default-568h@2x.png in Resources */,
			);
			runOnlyForDeploymentPostprocessing = 0;
		};
/* End PBXResourcesBuildPhase section */

/* Begin PBXSourcesBuildPhase section */
		F032EF4216B4688600895675 /* Sources */ = {
			isa = PBXSourcesBuildPhase;
			buildActionMask = 2147483647;
			files = (
				F032EF5616B4688600895675 /* main.m in Sources */,
				F032EF5A16B4688600895675 /* AppDelegate.m in Sources */,
				F0C2A61E16B48A14003C4BAC /* SearchManager.m in Sources */,
				F0C2A62116B48C93003C4BAC /* ListingsViewController.m in Sources */,
				F0A9DAC916B49D7700CB63A2 /* LaunchScreenViewController.m in Sources */,
				AC47020116B4A6010079DF39 /* LoginViewController.m in Sources */,
			);
			runOnlyForDeploymentPostprocessing = 0;
		};
/* End PBXSourcesBuildPhase section */

/* Begin PBXVariantGroup section */
		F032EF5216B4688600895675 /* InfoPlist.strings */ = {
			isa = PBXVariantGroup;
			children = (
				F032EF5316B4688600895675 /* en */,
			);
			name = InfoPlist.strings;
			sourceTree = "<group>";
		};
/* End PBXVariantGroup section */

/* Begin XCBuildConfiguration section */
		F032EF6A16B4688700895675 /* Debug */ = {
			isa = XCBuildConfiguration;
			buildSettings = {
				ALWAYS_SEARCH_USER_PATHS = NO;
				CLANG_CXX_LANGUAGE_STANDARD = "gnu++0x";
				CLANG_CXX_LIBRARY = "libc++";
				CLANG_ENABLE_OBJC_ARC = YES;
				CLANG_WARN_CONSTANT_CONVERSION = YES;
				CLANG_WARN_EMPTY_BODY = YES;
				CLANG_WARN_ENUM_CONVERSION = YES;
				CLANG_WARN_INT_CONVERSION = YES;
				CLANG_WARN__DUPLICATE_METHOD_MATCH = YES;
				"CODE_SIGN_IDENTITY[sdk=iphoneos*]" = "iPhone Developer";
				COPY_PHASE_STRIP = NO;
				GCC_C_LANGUAGE_STANDARD = gnu99;
				GCC_DYNAMIC_NO_PIC = NO;
				GCC_OPTIMIZATION_LEVEL = 0;
				GCC_PREPROCESSOR_DEFINITIONS = (
					"DEBUG=1",
					"$(inherited)",
				);
				GCC_SYMBOLS_PRIVATE_EXTERN = NO;
				GCC_WARN_64_TO_32_BIT_CONVERSION = YES;
				GCC_WARN_ABOUT_RETURN_TYPE = YES;
				GCC_WARN_UNINITIALIZED_AUTOS = YES;
				GCC_WARN_UNUSED_VARIABLE = YES;
				IPHONEOS_DEPLOYMENT_TARGET = 7.0;
				ONLY_ACTIVE_ARCH = YES;
				SDKROOT = iphoneos;
				TARGETED_DEVICE_FAMILY = "1,2";
			};
			name = Debug;
		};
		F032EF6B16B4688700895675 /* Release */ = {
			isa = XCBuildConfiguration;
			buildSettings = {
				ALWAYS_SEARCH_USER_PATHS = NO;
				CLANG_CXX_LANGUAGE_STANDARD = "gnu++0x";
				CLANG_CXX_LIBRARY = "libc++";
				CLANG_ENABLE_OBJC_ARC = YES;
				CLANG_WARN_CONSTANT_CONVERSION = YES;
				CLANG_WARN_EMPTY_BODY = YES;
				CLANG_WARN_ENUM_CONVERSION = YES;
				CLANG_WARN_INT_CONVERSION = YES;
				CLANG_WARN__DUPLICATE_METHOD_MATCH = YES;
				"CODE_SIGN_IDENTITY[sdk=iphoneos*]" = "iPhone Developer";
				COPY_PHASE_STRIP = YES;
				GCC_C_LANGUAGE_STANDARD = gnu99;
				GCC_WARN_64_TO_32_BIT_CONVERSION = YES;
				GCC_WARN_ABOUT_RETURN_TYPE = YES;
				GCC_WARN_UNINITIALIZED_AUTOS = YES;
				GCC_WARN_UNUSED_VARIABLE = YES;
				IPHONEOS_DEPLOYMENT_TARGET = 7.0;
				OTHER_CFLAGS = "-DNS_BLOCK_ASSERTIONS=1";
				SDKROOT = iphoneos;
				TARGETED_DEVICE_FAMILY = "1,2";
				VALIDATE_PRODUCT = YES;
			};
			name = Release;
		};
		F032EF6D16B4688700895675 /* Debug */ = {
			isa = XCBuildConfiguration;
			buildSettings = {
				CODE_SIGN_IDENTITY = "iPhone Developer: Donald Percivalle (GJ84KWQ5ZG)";
				"CODE_SIGN_IDENTITY[sdk=iphoneos*]" = "iPhone Developer: Donald Percivalle (GJ84KWQ5ZG)";
				FRAMEWORK_SEARCH_PATHS = (
					"$(inherited)",
					"\"$(SRCROOT)\"",
				);
				GCC_PRECOMPILE_PREFIX_HEADER = YES;
				GCC_PREFIX_HEADER = "theList/theList-Prefix.pch";
				INFOPLIST_FILE = "theList/theList-Info.plist";
				IPHONEOS_DEPLOYMENT_TARGET = 6.0;
				PRODUCT_NAME = "$(TARGET_NAME)";
				PROVISIONING_PROFILE = "A2ADCEAB-8EDA-4C32-A1B3-238941454D29";
				"PROVISIONING_PROFILE[sdk=iphoneos*]" = "A2ADCEAB-8EDA-4C32-A1B3-238941454D29";
				TARGETED_DEVICE_FAMILY = 1;
				WRAPPER_EXTENSION = app;
			};
			name = Debug;
		};
		F032EF6E16B4688700895675 /* Release */ = {
			isa = XCBuildConfiguration;
			buildSettings = {
				CODE_SIGN_IDENTITY = "iPhone Developer: Donald Percivalle (GJ84KWQ5ZG)";
				"CODE_SIGN_IDENTITY[sdk=iphoneos*]" = "iPhone Developer: Donald Percivalle (GJ84KWQ5ZG)";
				FRAMEWORK_SEARCH_PATHS = (
					"$(inherited)",
					"\"$(SRCROOT)\"",
				);
				GCC_PRECOMPILE_PREFIX_HEADER = YES;
				GCC_PREFIX_HEADER = "theList/theList-Prefix.pch";
				INFOPLIST_FILE = "theList/theList-Info.plist";
				IPHONEOS_DEPLOYMENT_TARGET = 6.0;
				PRODUCT_NAME = "$(TARGET_NAME)";
				PROVISIONING_PROFILE = "A2ADCEAB-8EDA-4C32-A1B3-238941454D29";
				"PROVISIONING_PROFILE[sdk=iphoneos*]" = "A2ADCEAB-8EDA-4C32-A1B3-238941454D29";
				TARGETED_DEVICE_FAMILY = 1;
				WRAPPER_EXTENSION = app;
			};
			name = Release;
		};
/* End XCBuildConfiguration section */

/* Begin XCConfigurationList section */
		F032EF4116B4688600895675 /* Build configuration list for PBXProject "theList" */ = {
			isa = XCConfigurationList;
			buildConfigurations = (
				F032EF6A16B4688700895675 /* Debug */,
				F032EF6B16B4688700895675 /* Release */,
			);
			defaultConfigurationIsVisible = 0;
			defaultConfigurationName = Release;
		};
		F032EF6C16B4688700895675 /* Build configuration list for PBXNativeTarget "theList" */ = {
			isa = XCConfigurationList;
			buildConfigurations = (
				F032EF6D16B4688700895675 /* Debug */,
				F032EF6E16B4688700895675 /* Release */,
			);
			defaultConfigurationIsVisible = 0;
			defaultConfigurationName = Release;
		};
/* End XCConfigurationList section */
	};
	rootObject = F032EF3E16B4688600895675 /* Project object */;
}
