// !$*UTF8*$!
{
	archiveVersion = 1;
	classes = {
	};
	objectVersion = 46;
	objects = {

/* Begin PBXBuildFile section */
		AC47020116B4A6010079DF39 /* LoginViewController.m in Sources */ = {isa = PBXBuildFile; fileRef = AC47020016B4A6010079DF39 /* LoginViewController.m */; };
		ACDA3D0D16B519A500DD4461 /* UserDetailViewController.m in Sources */ = {isa = PBXBuildFile; fileRef = ACDA3D0C16B519A500DD4461 /* UserDetailViewController.m */; };
		F018B0B216B4F8B100516B3A /* back-arrow.png in Resources */ = {isa = PBXBuildFile; fileRef = F018B0AA16B4F8B100516B3A /* back-arrow.png */; };
		F018B0B316B4F8B100516B3A /* back-arrow@2x.png in Resources */ = {isa = PBXBuildFile; fileRef = F018B0AB16B4F8B100516B3A /* back-arrow@2x.png */; };
		F018B0B416B4F8B100516B3A /* menu-icon.png in Resources */ = {isa = PBXBuildFile; fileRef = F018B0AC16B4F8B100516B3A /* menu-icon.png */; };
		F018B0B516B4F8B100516B3A /* menu-icon@2x.png in Resources */ = {isa = PBXBuildFile; fileRef = F018B0AD16B4F8B100516B3A /* menu-icon@2x.png */; };
		F018B0B616B4F8B100516B3A /* MFSideMenu.m in Sources */ = {isa = PBXBuildFile; fileRef = F018B0AF16B4F8B100516B3A /* MFSideMenu.m */; };
		F018B0B716B4F8B100516B3A /* UINavigationController+MFSideMenu.m in Sources */ = {isa = PBXBuildFile; fileRef = F018B0B116B4F8B100516B3A /* UINavigationController+MFSideMenu.m */; };
		F018B0BA16B4F9B300516B3A /* NavigationView.m in Sources */ = {isa = PBXBuildFile; fileRef = F018B0B916B4F9B300516B3A /* NavigationView.m */; };
		F018B0BD16B4FAEA00516B3A /* TheListNavigationViewController.m in Sources */ = {isa = PBXBuildFile; fileRef = F018B0BC16B4FAEA00516B3A /* TheListNavigationViewController.m */; };
		F01CC2AE16B4F5A2006D04D8 /* SearchResultsViewController.m in Sources */ = {isa = PBXBuildFile; fileRef = F01CC2AD16B4F5A2006D04D8 /* SearchResultsViewController.m */; };
		F032EF4A16B4688600895675 /* UIKit.framework in Frameworks */ = {isa = PBXBuildFile; fileRef = F032EF4916B4688600895675 /* UIKit.framework */; };
		F032EF4C16B4688600895675 /* Foundation.framework in Frameworks */ = {isa = PBXBuildFile; fileRef = F032EF4B16B4688600895675 /* Foundation.framework */; };
		F032EF4E16B4688600895675 /* CoreGraphics.framework in Frameworks */ = {isa = PBXBuildFile; fileRef = F032EF4D16B4688600895675 /* CoreGraphics.framework */; };
		F032EF5416B4688600895675 /* InfoPlist.strings in Resources */ = {isa = PBXBuildFile; fileRef = F032EF5216B4688600895675 /* InfoPlist.strings */; };
		F032EF5616B4688600895675 /* main.m in Sources */ = {isa = PBXBuildFile; fileRef = F032EF5516B4688600895675 /* main.m */; };
		F032EF5A16B4688600895675 /* AppDelegate.m in Sources */ = {isa = PBXBuildFile; fileRef = F032EF5916B4688600895675 /* AppDelegate.m */; };
		F032EF5C16B4688600895675 /* Default.png in Resources */ = {isa = PBXBuildFile; fileRef = F032EF5B16B4688600895675 /* Default.png */; };
		F032EF5E16B4688600895675 /* Default@2x.png in Resources */ = {isa = PBXBuildFile; fileRef = F032EF5D16B4688600895675 /* Default@2x.png */; };
		F032EF6016B4688600895675 /* Default-568h@2x.png in Resources */ = {isa = PBXBuildFile; fileRef = F032EF5F16B4688600895675 /* Default-568h@2x.png */; };
		F032EF7016B46AAF00895675 /* Parse.framework in Frameworks */ = {isa = PBXBuildFile; fileRef = F032EF6F16B46AAF00895675 /* Parse.framework */; };
		F032EF7216B46B6900895675 /* AudioToolbox.framework in Frameworks */ = {isa = PBXBuildFile; fileRef = F032EF7116B46B6900895675 /* AudioToolbox.framework */; };
		F032EF7416B46B7000895675 /* Accounts.framework in Frameworks */ = {isa = PBXBuildFile; fileRef = F032EF7316B46B7000895675 /* Accounts.framework */; };
		F032EF7616B46B7E00895675 /* AdSupport.framework in Frameworks */ = {isa = PBXBuildFile; fileRef = F032EF7516B46B7E00895675 /* AdSupport.framework */; };
		F032EF7816B46B9400895675 /* CFNetwork.framework in Frameworks */ = {isa = PBXBuildFile; fileRef = F032EF7716B46B9400895675 /* CFNetwork.framework */; };
		F032EF7A16B46BA000895675 /* CoreLocation.framework in Frameworks */ = {isa = PBXBuildFile; fileRef = F032EF7916B46BA000895675 /* CoreLocation.framework */; };
		F032EF7C16B46BAB00895675 /* libsqlite3.dylib in Frameworks */ = {isa = PBXBuildFile; fileRef = F032EF7B16B46BAB00895675 /* libsqlite3.dylib */; };
		F032EF7E16B46BB300895675 /* libz.1.1.3.dylib in Frameworks */ = {isa = PBXBuildFile; fileRef = F032EF7D16B46BB300895675 /* libz.1.1.3.dylib */; };
		F032EF8016B46BB800895675 /* MobileCoreServices.framework in Frameworks */ = {isa = PBXBuildFile; fileRef = F032EF7F16B46BB800895675 /* MobileCoreServices.framework */; };
		F032EF8216B46BBF00895675 /* QuartzCore.framework in Frameworks */ = {isa = PBXBuildFile; fileRef = F032EF8116B46BBF00895675 /* QuartzCore.framework */; };
		F032EF8416B46BC600895675 /* Security.framework in Frameworks */ = {isa = PBXBuildFile; fileRef = F032EF8316B46BC600895675 /* Security.framework */; };
		F032EF8616B46BCC00895675 /* Social.framework in Frameworks */ = {isa = PBXBuildFile; fileRef = F032EF8516B46BCC00895675 /* Social.framework */; };
		F032EF8816B46BD200895675 /* StoreKit.framework in Frameworks */ = {isa = PBXBuildFile; fileRef = F032EF8716B46BD200895675 /* StoreKit.framework */; };
		F032EF8A16B46BD800895675 /* SystemConfiguration.framework in Frameworks */ = {isa = PBXBuildFile; fileRef = F032EF8916B46BD800895675 /* SystemConfiguration.framework */; };
		F0A9DAC916B49D7700CB63A2 /* LaunchScreenViewController.m in Sources */ = {isa = PBXBuildFile; fileRef = F0A9DAC816B49D7700CB63A2 /* LaunchScreenViewController.m */; };
		F0C877AA16B4B89F004A8E30 /* fatcat.jpg in Resources */ = {isa = PBXBuildFile; fileRef = F0C877A416B4B89F004A8E30 /* fatcat.jpg */; };
		F0C877AB16B4B89F004A8E30 /* fixie1.jpg in Resources */ = {isa = PBXBuildFile; fileRef = F0C877A516B4B89F004A8E30 /* fixie1.jpg */; };
		F0C877AC16B4B89F004A8E30 /* fixie2.jpg in Resources */ = {isa = PBXBuildFile; fileRef = F0C877A616B4B89F004A8E30 /* fixie2.jpg */; };
		F0C877AD16B4B89F004A8E30 /* fixie3.jpg in Resources */ = {isa = PBXBuildFile; fileRef = F0C877A716B4B89F004A8E30 /* fixie3.jpg */; };
		F0C877AE16B4B89F004A8E30 /* gti.jpg in Resources */ = {isa = PBXBuildFile; fileRef = F0C877A816B4B89F004A8E30 /* gti.jpg */; };
		F0C877AF16B4B89F004A8E30 /* macbook.png in Resources */ = {isa = PBXBuildFile; fileRef = F0C877A916B4B89F004A8E30 /* macbook.png */; };
		F0C877B516B4C035004A8E30 /* Rambla-Bold.ttf in Resources */ = {isa = PBXBuildFile; fileRef = F0C877B016B4BF60004A8E30 /* Rambla-Bold.ttf */; };
		F0C877B616B4C035004A8E30 /* Rambla-BoldItalic.ttf in Resources */ = {isa = PBXBuildFile; fileRef = F0C877B116B4BF60004A8E30 /* Rambla-BoldItalic.ttf */; };
		F0C877B716B4C035004A8E30 /* Rambla-Italic.ttf in Resources */ = {isa = PBXBuildFile; fileRef = F0C877B216B4BF60004A8E30 /* Rambla-Italic.ttf */; };
		F0C877B816B4C035004A8E30 /* Rambla-Regular.ttf in Resources */ = {isa = PBXBuildFile; fileRef = F0C877B316B4BF60004A8E30 /* Rambla-Regular.ttf */; };
		F0C877BB16B4C9D8004A8E30 /* SearchResultsImageCell.m in Sources */ = {isa = PBXBuildFile; fileRef = F0C877BA16B4C9D8004A8E30 /* SearchResultsImageCell.m */; };
		F0D2A06616B4A775007252F4 /* SearchResultsViewController_OLD.m in Sources */ = {isa = PBXBuildFile; fileRef = F0D2A06516B4A775007252F4 /* SearchResultsViewController_OLD.m */; };
		F0D2A06916B4A960007252F4 /* SearchResultsListCell.m in Sources */ = {isa = PBXBuildFile; fileRef = F0D2A06816B4A960007252F4 /* SearchResultsListCell.m */; };
		F0D2A06B16B4AE05007252F4 /* search_list_sell_background.png in Resources */ = {isa = PBXBuildFile; fileRef = F0D2A06A16B4AE05007252F4 /* search_list_sell_background.png */; };
		F0F1724716B4FE75009AC961 /* iPhone.jpeg in Resources */ = {isa = PBXBuildFile; fileRef = F0F1724616B4FE75009AC961 /* iPhone.jpeg */; };
		F0F1724A16B502A4009AC961 /* arrowRight.png in Resources */ = {isa = PBXBuildFile; fileRef = F0F1724916B502A4009AC961 /* arrowRight.png */; };
		F0F1724C16B502A9009AC961 /* arrowLeft.png in Resources */ = {isa = PBXBuildFile; fileRef = F0F1724B16B502A9009AC961 /* arrowLeft.png */; };
		F0F1724F16B50EB2009AC961 /* fattestcat.jpg in Resources */ = {isa = PBXBuildFile; fileRef = F0F1724E16B50EB2009AC961 /* fattestcat.jpg */; };
		F0F1725C16B51207009AC961 /* SourceSansPro-Black.otf in Resources */ = {isa = PBXBuildFile; fileRef = F0F1725016B51176009AC961 /* SourceSansPro-Black.otf */; };
		F0F1725D16B51207009AC961 /* SourceSansPro-BlackIt.otf in Resources */ = {isa = PBXBuildFile; fileRef = F0F1725116B51176009AC961 /* SourceSansPro-BlackIt.otf */; };
		F0F1725E16B51207009AC961 /* SourceSansPro-Bold.otf in Resources */ = {isa = PBXBuildFile; fileRef = F0F1725216B51176009AC961 /* SourceSansPro-Bold.otf */; };
		F0F1725F16B51207009AC961 /* SourceSansPro-BoldIt.otf in Resources */ = {isa = PBXBuildFile; fileRef = F0F1725316B51176009AC961 /* SourceSansPro-BoldIt.otf */; };
		F0F1726016B51207009AC961 /* SourceSansPro-ExtraLight.otf in Resources */ = {isa = PBXBuildFile; fileRef = F0F1725416B51176009AC961 /* SourceSansPro-ExtraLight.otf */; };
		F0F1726116B51207009AC961 /* SourceSansPro-ExtraLightIt.otf in Resources */ = {isa = PBXBuildFile; fileRef = F0F1725516B51176009AC961 /* SourceSansPro-ExtraLightIt.otf */; };
		F0F1726216B51207009AC961 /* SourceSansPro-It.otf in Resources */ = {isa = PBXBuildFile; fileRef = F0F1725616B51176009AC961 /* SourceSansPro-It.otf */; };
		F0F1726316B51207009AC961 /* SourceSansPro-Light.otf in Resources */ = {isa = PBXBuildFile; fileRef = F0F1725716B51176009AC961 /* SourceSansPro-Light.otf */; };
		F0F1726416B51207009AC961 /* SourceSansPro-LightIt.otf in Resources */ = {isa = PBXBuildFile; fileRef = F0F1725816B51176009AC961 /* SourceSansPro-LightIt.otf */; };
		F0F1726516B51207009AC961 /* SourceSansPro-Regular.otf in Resources */ = {isa = PBXBuildFile; fileRef = F0F1725916B51176009AC961 /* SourceSansPro-Regular.otf */; };
		F0F1726616B51207009AC961 /* SourceSansPro-Semibold.otf in Resources */ = {isa = PBXBuildFile; fileRef = F0F1725A16B51176009AC961 /* SourceSansPro-Semibold.otf */; };
		F0F1726716B51207009AC961 /* SourceSansPro-SemiboldIt.otf in Resources */ = {isa = PBXBuildFile; fileRef = F0F1725B16B51176009AC961 /* SourceSansPro-SemiboldIt.otf */; };
/* End PBXBuildFile section */

/* Begin PBXFileReference section */
		AC4701FF16B4A6010079DF39 /* LoginViewController.h */ = {isa = PBXFileReference; fileEncoding = 4; lastKnownFileType = sourcecode.c.h; path = LoginViewController.h; sourceTree = "<group>"; };
		AC47020016B4A6010079DF39 /* LoginViewController.m */ = {isa = PBXFileReference; fileEncoding = 4; lastKnownFileType = sourcecode.c.objc; path = LoginViewController.m; sourceTree = "<group>"; };
		ACDA3D0B16B519A500DD4461 /* UserDetailViewController.h */ = {isa = PBXFileReference; fileEncoding = 4; lastKnownFileType = sourcecode.c.h; path = UserDetailViewController.h; sourceTree = "<group>"; };
		ACDA3D0C16B519A500DD4461 /* UserDetailViewController.m */ = {isa = PBXFileReference; fileEncoding = 4; lastKnownFileType = sourcecode.c.objc; path = UserDetailViewController.m; sourceTree = "<group>"; };
		F018B0AA16B4F8B100516B3A /* back-arrow.png */ = {isa = PBXFileReference; lastKnownFileType = image.png; path = "back-arrow.png"; sourceTree = "<group>"; };
		F018B0AB16B4F8B100516B3A /* back-arrow@2x.png */ = {isa = PBXFileReference; lastKnownFileType = image.png; path = "back-arrow@2x.png"; sourceTree = "<group>"; };
		F018B0AC16B4F8B100516B3A /* menu-icon.png */ = {isa = PBXFileReference; lastKnownFileType = image.png; path = "menu-icon.png"; sourceTree = "<group>"; };
		F018B0AD16B4F8B100516B3A /* menu-icon@2x.png */ = {isa = PBXFileReference; lastKnownFileType = image.png; path = "menu-icon@2x.png"; sourceTree = "<group>"; };
		F018B0AE16B4F8B100516B3A /* MFSideMenu.h */ = {isa = PBXFileReference; fileEncoding = 4; lastKnownFileType = sourcecode.c.h; path = MFSideMenu.h; sourceTree = "<group>"; };
		F018B0AF16B4F8B100516B3A /* MFSideMenu.m */ = {isa = PBXFileReference; fileEncoding = 4; lastKnownFileType = sourcecode.c.objc; path = MFSideMenu.m; sourceTree = "<group>"; };
		F018B0B016B4F8B100516B3A /* UINavigationController+MFSideMenu.h */ = {isa = PBXFileReference; fileEncoding = 4; lastKnownFileType = sourcecode.c.h; path = "UINavigationController+MFSideMenu.h"; sourceTree = "<group>"; };
		F018B0B116B4F8B100516B3A /* UINavigationController+MFSideMenu.m */ = {isa = PBXFileReference; fileEncoding = 4; lastKnownFileType = sourcecode.c.objc; path = "UINavigationController+MFSideMenu.m"; sourceTree = "<group>"; };
		F018B0B816B4F9B300516B3A /* NavigationView.h */ = {isa = PBXFileReference; fileEncoding = 4; lastKnownFileType = sourcecode.c.h; path = NavigationView.h; sourceTree = "<group>"; };
		F018B0B916B4F9B300516B3A /* NavigationView.m */ = {isa = PBXFileReference; fileEncoding = 4; lastKnownFileType = sourcecode.c.objc; path = NavigationView.m; sourceTree = "<group>"; };
		F018B0BB16B4FAEA00516B3A /* TheListNavigationViewController.h */ = {isa = PBXFileReference; fileEncoding = 4; lastKnownFileType = sourcecode.c.h; path = TheListNavigationViewController.h; sourceTree = "<group>"; };
		F018B0BC16B4FAEA00516B3A /* TheListNavigationViewController.m */ = {isa = PBXFileReference; fileEncoding = 4; lastKnownFileType = sourcecode.c.objc; path = TheListNavigationViewController.m; sourceTree = "<group>"; };
		F01CC2AC16B4F5A2006D04D8 /* SearchResultsViewController.h */ = {isa = PBXFileReference; fileEncoding = 4; lastKnownFileType = sourcecode.c.h; path = SearchResultsViewController.h; sourceTree = "<group>"; };
		F01CC2AD16B4F5A2006D04D8 /* SearchResultsViewController.m */ = {isa = PBXFileReference; fileEncoding = 4; lastKnownFileType = sourcecode.c.objc; path = SearchResultsViewController.m; sourceTree = "<group>"; };
		F032EF4616B4688600895675 /* theList.app */ = {isa = PBXFileReference; explicitFileType = wrapper.application; includeInIndex = 0; path = theList.app; sourceTree = BUILT_PRODUCTS_DIR; };
		F032EF4916B4688600895675 /* UIKit.framework */ = {isa = PBXFileReference; lastKnownFileType = wrapper.framework; name = UIKit.framework; path = System/Library/Frameworks/UIKit.framework; sourceTree = SDKROOT; };
		F032EF4B16B4688600895675 /* Foundation.framework */ = {isa = PBXFileReference; lastKnownFileType = wrapper.framework; name = Foundation.framework; path = System/Library/Frameworks/Foundation.framework; sourceTree = SDKROOT; };
		F032EF4D16B4688600895675 /* CoreGraphics.framework */ = {isa = PBXFileReference; lastKnownFileType = wrapper.framework; name = CoreGraphics.framework; path = System/Library/Frameworks/CoreGraphics.framework; sourceTree = SDKROOT; };
		F032EF5116B4688600895675 /* theList-Info.plist */ = {isa = PBXFileReference; lastKnownFileType = text.plist.xml; path = "theList-Info.plist"; sourceTree = "<group>"; };
		F032EF5316B4688600895675 /* en */ = {isa = PBXFileReference; lastKnownFileType = text.plist.strings; name = en; path = en.lproj/InfoPlist.strings; sourceTree = "<group>"; };
		F032EF5516B4688600895675 /* main.m */ = {isa = PBXFileReference; lastKnownFileType = sourcecode.c.objc; path = main.m; sourceTree = "<group>"; };
		F032EF5716B4688600895675 /* theList-Prefix.pch */ = {isa = PBXFileReference; lastKnownFileType = sourcecode.c.h; path = "theList-Prefix.pch"; sourceTree = "<group>"; };
		F032EF5816B4688600895675 /* AppDelegate.h */ = {isa = PBXFileReference; lastKnownFileType = sourcecode.c.h; path = AppDelegate.h; sourceTree = "<group>"; };
		F032EF5916B4688600895675 /* AppDelegate.m */ = {isa = PBXFileReference; lastKnownFileType = sourcecode.c.objc; path = AppDelegate.m; sourceTree = "<group>"; };
		F032EF5B16B4688600895675 /* Default.png */ = {isa = PBXFileReference; lastKnownFileType = image.png; path = Default.png; sourceTree = "<group>"; };
		F032EF5D16B4688600895675 /* Default@2x.png */ = {isa = PBXFileReference; lastKnownFileType = image.png; path = "Default@2x.png"; sourceTree = "<group>"; };
		F032EF5F16B4688600895675 /* Default-568h@2x.png */ = {isa = PBXFileReference; lastKnownFileType = image.png; path = "Default-568h@2x.png"; sourceTree = "<group>"; };
		F032EF6F16B46AAF00895675 /* Parse.framework */ = {isa = PBXFileReference; lastKnownFileType = wrapper.framework; path = Parse.framework; sourceTree = "<group>"; };
		F032EF7116B46B6900895675 /* AudioToolbox.framework */ = {isa = PBXFileReference; lastKnownFileType = wrapper.framework; name = AudioToolbox.framework; path = System/Library/Frameworks/AudioToolbox.framework; sourceTree = SDKROOT; };
		F032EF7316B46B7000895675 /* Accounts.framework */ = {isa = PBXFileReference; lastKnownFileType = wrapper.framework; name = Accounts.framework; path = System/Library/Frameworks/Accounts.framework; sourceTree = SDKROOT; };
		F032EF7516B46B7E00895675 /* AdSupport.framework */ = {isa = PBXFileReference; lastKnownFileType = wrapper.framework; name = AdSupport.framework; path = System/Library/Frameworks/AdSupport.framework; sourceTree = SDKROOT; };
		F032EF7716B46B9400895675 /* CFNetwork.framework */ = {isa = PBXFileReference; lastKnownFileType = wrapper.framework; name = CFNetwork.framework; path = System/Library/Frameworks/CFNetwork.framework; sourceTree = SDKROOT; };
		F032EF7916B46BA000895675 /* CoreLocation.framework */ = {isa = PBXFileReference; lastKnownFileType = wrapper.framework; name = CoreLocation.framework; path = System/Library/Frameworks/CoreLocation.framework; sourceTree = SDKROOT; };
		F032EF7B16B46BAB00895675 /* libsqlite3.dylib */ = {isa = PBXFileReference; lastKnownFileType = "compiled.mach-o.dylib"; name = libsqlite3.dylib; path = usr/lib/libsqlite3.dylib; sourceTree = SDKROOT; };
		F032EF7D16B46BB300895675 /* libz.1.1.3.dylib */ = {isa = PBXFileReference; lastKnownFileType = "compiled.mach-o.dylib"; name = libz.1.1.3.dylib; path = usr/lib/libz.1.1.3.dylib; sourceTree = SDKROOT; };
		F032EF7F16B46BB800895675 /* MobileCoreServices.framework */ = {isa = PBXFileReference; lastKnownFileType = wrapper.framework; name = MobileCoreServices.framework; path = System/Library/Frameworks/MobileCoreServices.framework; sourceTree = SDKROOT; };
		F032EF8116B46BBF00895675 /* QuartzCore.framework */ = {isa = PBXFileReference; lastKnownFileType = wrapper.framework; name = QuartzCore.framework; path = System/Library/Frameworks/QuartzCore.framework; sourceTree = SDKROOT; };
		F032EF8316B46BC600895675 /* Security.framework */ = {isa = PBXFileReference; lastKnownFileType = wrapper.framework; name = Security.framework; path = System/Library/Frameworks/Security.framework; sourceTree = SDKROOT; };
		F032EF8516B46BCC00895675 /* Social.framework */ = {isa = PBXFileReference; lastKnownFileType = wrapper.framework; name = Social.framework; path = System/Library/Frameworks/Social.framework; sourceTree = SDKROOT; };
		F032EF8716B46BD200895675 /* StoreKit.framework */ = {isa = PBXFileReference; lastKnownFileType = wrapper.framework; name = StoreKit.framework; path = System/Library/Frameworks/StoreKit.framework; sourceTree = SDKROOT; };
		F032EF8916B46BD800895675 /* SystemConfiguration.framework */ = {isa = PBXFileReference; lastKnownFileType = wrapper.framework; name = SystemConfiguration.framework; path = System/Library/Frameworks/SystemConfiguration.framework; sourceTree = SDKROOT; };
		F0A9DAC716B49D7700CB63A2 /* LaunchScreenViewController.h */ = {isa = PBXFileReference; fileEncoding = 4; lastKnownFileType = sourcecode.c.h; path = LaunchScreenViewController.h; sourceTree = "<group>"; };
		F0A9DAC816B49D7700CB63A2 /* LaunchScreenViewController.m */ = {isa = PBXFileReference; fileEncoding = 4; lastKnownFileType = sourcecode.c.objc; path = LaunchScreenViewController.m; sourceTree = "<group>"; };
		F0C2A61116B483FE003C4BAC /* Constants.h */ = {isa = PBXFileReference; fileEncoding = 4; lastKnownFileType = sourcecode.c.h; name = Constants.h; path = ../Constants.h; sourceTree = "<group>"; };
		F0C877A416B4B89F004A8E30 /* fatcat.jpg */ = {isa = PBXFileReference; lastKnownFileType = image.jpeg; path = fatcat.jpg; sourceTree = "<group>"; };
		F0C877A516B4B89F004A8E30 /* fixie1.jpg */ = {isa = PBXFileReference; lastKnownFileType = image.jpeg; path = fixie1.jpg; sourceTree = "<group>"; };
		F0C877A616B4B89F004A8E30 /* fixie2.jpg */ = {isa = PBXFileReference; lastKnownFileType = image.jpeg; path = fixie2.jpg; sourceTree = "<group>"; };
		F0C877A716B4B89F004A8E30 /* fixie3.jpg */ = {isa = PBXFileReference; lastKnownFileType = image.jpeg; path = fixie3.jpg; sourceTree = "<group>"; };
		F0C877A816B4B89F004A8E30 /* gti.jpg */ = {isa = PBXFileReference; lastKnownFileType = image.jpeg; path = gti.jpg; sourceTree = "<group>"; };
		F0C877A916B4B89F004A8E30 /* macbook.png */ = {isa = PBXFileReference; lastKnownFileType = image.png; path = macbook.png; sourceTree = "<group>"; };
		F0C877B016B4BF60004A8E30 /* Rambla-Bold.ttf */ = {isa = PBXFileReference; lastKnownFileType = file; path = "Rambla-Bold.ttf"; sourceTree = "<group>"; };
		F0C877B116B4BF60004A8E30 /* Rambla-BoldItalic.ttf */ = {isa = PBXFileReference; lastKnownFileType = file; path = "Rambla-BoldItalic.ttf"; sourceTree = "<group>"; };
		F0C877B216B4BF60004A8E30 /* Rambla-Italic.ttf */ = {isa = PBXFileReference; lastKnownFileType = file; path = "Rambla-Italic.ttf"; sourceTree = "<group>"; };
		F0C877B316B4BF60004A8E30 /* Rambla-Regular.ttf */ = {isa = PBXFileReference; lastKnownFileType = file; path = "Rambla-Regular.ttf"; sourceTree = "<group>"; };
		F0C877B916B4C9D8004A8E30 /* SearchResultsImageCell.h */ = {isa = PBXFileReference; fileEncoding = 4; lastKnownFileType = sourcecode.c.h; path = SearchResultsImageCell.h; sourceTree = "<group>"; };
		F0C877BA16B4C9D8004A8E30 /* SearchResultsImageCell.m */ = {isa = PBXFileReference; fileEncoding = 4; lastKnownFileType = sourcecode.c.objc; path = SearchResultsImageCell.m; sourceTree = "<group>"; };
		F0D2A06416B4A775007252F4 /* SearchResultsViewController_OLD.h */ = {isa = PBXFileReference; fileEncoding = 4; lastKnownFileType = sourcecode.c.h; name = SearchResultsViewController_OLD.h; path = ../SearchResultsViewController_OLD.h; sourceTree = "<group>"; };
		F0D2A06516B4A775007252F4 /* SearchResultsViewController_OLD.m */ = {isa = PBXFileReference; fileEncoding = 4; lastKnownFileType = sourcecode.c.objc; name = SearchResultsViewController_OLD.m; path = ../SearchResultsViewController_OLD.m; sourceTree = "<group>"; };
		F0D2A06716B4A960007252F4 /* SearchResultsListCell.h */ = {isa = PBXFileReference; fileEncoding = 4; lastKnownFileType = sourcecode.c.h; name = SearchResultsListCell.h; path = ../SearchResultsListCell.h; sourceTree = "<group>"; };
		F0D2A06816B4A960007252F4 /* SearchResultsListCell.m */ = {isa = PBXFileReference; fileEncoding = 4; lastKnownFileType = sourcecode.c.objc; name = SearchResultsListCell.m; path = ../SearchResultsListCell.m; sourceTree = "<group>"; };
		F0D2A06A16B4AE05007252F4 /* search_list_sell_background.png */ = {isa = PBXFileReference; lastKnownFileType = image.png; path = search_list_sell_background.png; sourceTree = "<group>"; };
		F0F1724616B4FE75009AC961 /* iPhone.jpeg */ = {isa = PBXFileReference; lastKnownFileType = image.jpeg; path = iPhone.jpeg; sourceTree = "<group>"; };
		F0F1724916B502A4009AC961 /* arrowRight.png */ = {isa = PBXFileReference; lastKnownFileType = image.png; path = arrowRight.png; sourceTree = "<group>"; };
		F0F1724B16B502A9009AC961 /* arrowLeft.png */ = {isa = PBXFileReference; lastKnownFileType = image.png; path = arrowLeft.png; sourceTree = "<group>"; };
		F0F1724E16B50EB2009AC961 /* fattestcat.jpg */ = {isa = PBXFileReference; lastKnownFileType = image.jpeg; path = fattestcat.jpg; sourceTree = "<group>"; };
		F0F1725016B51176009AC961 /* SourceSansPro-Black.otf */ = {isa = PBXFileReference; lastKnownFileType = file; path = "SourceSansPro-Black.otf"; sourceTree = "<group>"; };
		F0F1725116B51176009AC961 /* SourceSansPro-BlackIt.otf */ = {isa = PBXFileReference; lastKnownFileType = file; path = "SourceSansPro-BlackIt.otf"; sourceTree = "<group>"; };
		F0F1725216B51176009AC961 /* SourceSansPro-Bold.otf */ = {isa = PBXFileReference; lastKnownFileType = file; path = "SourceSansPro-Bold.otf"; sourceTree = "<group>"; };
		F0F1725316B51176009AC961 /* SourceSansPro-BoldIt.otf */ = {isa = PBXFileReference; lastKnownFileType = file; path = "SourceSansPro-BoldIt.otf"; sourceTree = "<group>"; };
		F0F1725416B51176009AC961 /* SourceSansPro-ExtraLight.otf */ = {isa = PBXFileReference; lastKnownFileType = file; path = "SourceSansPro-ExtraLight.otf"; sourceTree = "<group>"; };
		F0F1725516B51176009AC961 /* SourceSansPro-ExtraLightIt.otf */ = {isa = PBXFileReference; lastKnownFileType = file; path = "SourceSansPro-ExtraLightIt.otf"; sourceTree = "<group>"; };
		F0F1725616B51176009AC961 /* SourceSansPro-It.otf */ = {isa = PBXFileReference; lastKnownFileType = file; path = "SourceSansPro-It.otf"; sourceTree = "<group>"; };
		F0F1725716B51176009AC961 /* SourceSansPro-Light.otf */ = {isa = PBXFileReference; lastKnownFileType = file; path = "SourceSansPro-Light.otf"; sourceTree = "<group>"; };
		F0F1725816B51176009AC961 /* SourceSansPro-LightIt.otf */ = {isa = PBXFileReference; lastKnownFileType = file; path = "SourceSansPro-LightIt.otf"; sourceTree = "<group>"; };
		F0F1725916B51176009AC961 /* SourceSansPro-Regular.otf */ = {isa = PBXFileReference; lastKnownFileType = file; path = "SourceSansPro-Regular.otf"; sourceTree = "<group>"; };
		F0F1725A16B51176009AC961 /* SourceSansPro-Semibold.otf */ = {isa = PBXFileReference; lastKnownFileType = file; path = "SourceSansPro-Semibold.otf"; sourceTree = "<group>"; };
		F0F1725B16B51176009AC961 /* SourceSansPro-SemiboldIt.otf */ = {isa = PBXFileReference; lastKnownFileType = file; path = "SourceSansPro-SemiboldIt.otf"; sourceTree = "<group>"; };
/* End PBXFileReference section */

/* Begin PBXFrameworksBuildPhase section */
		F032EF4316B4688600895675 /* Frameworks */ = {
			isa = PBXFrameworksBuildPhase;
			buildActionMask = 2147483647;
			files = (
				F032EF8A16B46BD800895675 /* SystemConfiguration.framework in Frameworks */,
				F032EF8816B46BD200895675 /* StoreKit.framework in Frameworks */,
				F032EF8616B46BCC00895675 /* Social.framework in Frameworks */,
				F032EF8416B46BC600895675 /* Security.framework in Frameworks */,
				F032EF8216B46BBF00895675 /* QuartzCore.framework in Frameworks */,
				F032EF8016B46BB800895675 /* MobileCoreServices.framework in Frameworks */,
				F032EF7E16B46BB300895675 /* libz.1.1.3.dylib in Frameworks */,
				F032EF7C16B46BAB00895675 /* libsqlite3.dylib in Frameworks */,
				F032EF7A16B46BA000895675 /* CoreLocation.framework in Frameworks */,
				F032EF4E16B4688600895675 /* CoreGraphics.framework in Frameworks */,
				F032EF7816B46B9400895675 /* CFNetwork.framework in Frameworks */,
				F032EF7616B46B7E00895675 /* AdSupport.framework in Frameworks */,
				F032EF7416B46B7000895675 /* Accounts.framework in Frameworks */,
				F032EF7216B46B6900895675 /* AudioToolbox.framework in Frameworks */,
				F032EF4A16B4688600895675 /* UIKit.framework in Frameworks */,
				F032EF4C16B4688600895675 /* Foundation.framework in Frameworks */,
				F032EF7016B46AAF00895675 /* Parse.framework in Frameworks */,
			);
			runOnlyForDeploymentPostprocessing = 0;
		};
/* End PBXFrameworksBuildPhase section */

/* Begin PBXGroup section */
		AC47020216B4ABEA0079DF39 /* Login */ = {
			isa = PBXGroup;
			children = (
				AC4701FF16B4A6010079DF39 /* LoginViewController.h */,
				AC47020016B4A6010079DF39 /* LoginViewController.m */,
			);
			name = Login;
			sourceTree = "<group>";
		};
		ACDA3D0F16B519B300DD4461 /* User */ = {
			isa = PBXGroup;
			children = (
				ACDA3D0B16B519A500DD4461 /* UserDetailViewController.h */,
				ACDA3D0C16B519A500DD4461 /* UserDetailViewController.m */,
			);
			name = User;
			sourceTree = "<group>";
		};
		F018B0A916B4F8B100516B3A /* MFSideMenu */ = {
			isa = PBXGroup;
			children = (
				F018B0AA16B4F8B100516B3A /* back-arrow.png */,
				F018B0AB16B4F8B100516B3A /* back-arrow@2x.png */,
				F018B0AC16B4F8B100516B3A /* menu-icon.png */,
				F018B0AD16B4F8B100516B3A /* menu-icon@2x.png */,
				F018B0AE16B4F8B100516B3A /* MFSideMenu.h */,
				F018B0AF16B4F8B100516B3A /* MFSideMenu.m */,
				F018B0B016B4F8B100516B3A /* UINavigationController+MFSideMenu.h */,
				F018B0B116B4F8B100516B3A /* UINavigationController+MFSideMenu.m */,
			);
			path = MFSideMenu;
			sourceTree = "<group>";
		};
		F032EF3D16B4688600895675 = {
			isa = PBXGroup;
			children = (
				F032EF4F16B4688600895675 /* theList */,
				F032EF4816B4688600895675 /* Frameworks */,
				F032EF4716B4688600895675 /* Products */,
			);
			sourceTree = "<group>";
		};
		F032EF4716B4688600895675 /* Products */ = {
			isa = PBXGroup;
			children = (
				F032EF4616B4688600895675 /* theList.app */,
			);
			name = Products;
			sourceTree = "<group>";
		};
		F032EF4816B4688600895675 /* Frameworks */ = {
			isa = PBXGroup;
			children = (
				F032EF8916B46BD800895675 /* SystemConfiguration.framework */,
				F032EF8716B46BD200895675 /* StoreKit.framework */,
				F032EF8516B46BCC00895675 /* Social.framework */,
				F032EF8316B46BC600895675 /* Security.framework */,
				F032EF8116B46BBF00895675 /* QuartzCore.framework */,
				F032EF7F16B46BB800895675 /* MobileCoreServices.framework */,
				F032EF7D16B46BB300895675 /* libz.1.1.3.dylib */,
				F032EF7B16B46BAB00895675 /* libsqlite3.dylib */,
				F032EF7916B46BA000895675 /* CoreLocation.framework */,
				F032EF7716B46B9400895675 /* CFNetwork.framework */,
				F032EF7516B46B7E00895675 /* AdSupport.framework */,
				F032EF7316B46B7000895675 /* Accounts.framework */,
				F032EF7116B46B6900895675 /* AudioToolbox.framework */,
				F032EF6F16B46AAF00895675 /* Parse.framework */,
				F032EF4916B4688600895675 /* UIKit.framework */,
				F032EF4B16B4688600895675 /* Foundation.framework */,
				F032EF4D16B4688600895675 /* CoreGraphics.framework */,
			);
			name = Frameworks;
			sourceTree = "<group>";
		};
		F032EF4F16B4688600895675 /* theList */ = {
			isa = PBXGroup;
			children = (
				F0C2A61116B483FE003C4BAC /* Constants.h */,
				F032EF5816B4688600895675 /* AppDelegate.h */,
				F032EF5916B4688600895675 /* AppDelegate.m */,
				F0A9DAC716B49D7700CB63A2 /* LaunchScreenViewController.h */,
				F0A9DAC816B49D7700CB63A2 /* LaunchScreenViewController.m */,
				F0F1724816B5029C009AC961 /* Navbar */,
				F018B0A916B4F8B100516B3A /* MFSideMenu */,
				AC47020216B4ABEA0079DF39 /* Login */,
				ACDA3D0F16B519B300DD4461 /* User */,
				F0C2A61516B485C9003C4BAC /* Listings */,
				F0D2A06C16B4AE0A007252F4 /* Resources */,
				F032EF5016B4688600895675 /* Supporting Files */,
			);
			path = theList;
			sourceTree = "<group>";
		};
		F032EF5016B4688600895675 /* Supporting Files */ = {
			isa = PBXGroup;
			children = (
				F032EF5116B4688600895675 /* theList-Info.plist */,
				F032EF5216B4688600895675 /* InfoPlist.strings */,
				F032EF5516B4688600895675 /* main.m */,
				F032EF5716B4688600895675 /* theList-Prefix.pch */,
				F032EF5B16B4688600895675 /* Default.png */,
				F032EF5D16B4688600895675 /* Default@2x.png */,
				F032EF5F16B4688600895675 /* Default-568h@2x.png */,
			);
			name = "Supporting Files";
			sourceTree = "<group>";
		};
		F0C2A61516B485C9003C4BAC /* Listings */ = {
			isa = PBXGroup;
			children = (
				F0D2A06416B4A775007252F4 /* SearchResultsViewController_OLD.h */,
				F0D2A06516B4A775007252F4 /* SearchResultsViewController_OLD.m */,
				F01CC2AC16B4F5A2006D04D8 /* SearchResultsViewController.h */,
				F01CC2AD16B4F5A2006D04D8 /* SearchResultsViewController.m */,
				F0D2A06716B4A960007252F4 /* SearchResultsListCell.h */,
				F0D2A06816B4A960007252F4 /* SearchResultsListCell.m */,
				F0C877B916B4C9D8004A8E30 /* SearchResultsImageCell.h */,
				F0C877BA16B4C9D8004A8E30 /* SearchResultsImageCell.m */,
			);
			name = Listings;
			sourceTree = "<group>";
		};
		F0C877A316B4B6B5004A8E30 /* Item images */ = {
			isa = PBXGroup;
			children = (
				F0F1724E16B50EB2009AC961 /* fattestcat.jpg */,
				F0F1724616B4FE75009AC961 /* iPhone.jpeg */,
				F0C877A416B4B89F004A8E30 /* fatcat.jpg */,
				F0C877A516B4B89F004A8E30 /* fixie1.jpg */,
				F0C877A616B4B89F004A8E30 /* fixie2.jpg */,
				F0C877A716B4B89F004A8E30 /* fixie3.jpg */,
				F0C877A816B4B89F004A8E30 /* gti.jpg */,
				F0C877A916B4B89F004A8E30 /* macbook.png */,
			);
			name = "Item images";
			sourceTree = "<group>";
		};
		F0C877B416B4BF66004A8E30 /* Fonts */ = {
			isa = PBXGroup;
			children = (
				F0F1725016B51176009AC961 /* SourceSansPro-Black.otf */,
				F0F1725116B51176009AC961 /* SourceSansPro-BlackIt.otf */,
				F0F1725216B51176009AC961 /* SourceSansPro-Bold.otf */,
				F0F1725316B51176009AC961 /* SourceSansPro-BoldIt.otf */,
				F0F1725416B51176009AC961 /* SourceSansPro-ExtraLight.otf */,
				F0F1725516B51176009AC961 /* SourceSansPro-ExtraLightIt.otf */,
				F0F1725616B51176009AC961 /* SourceSansPro-It.otf */,
				F0F1725716B51176009AC961 /* SourceSansPro-Light.otf */,
				F0F1725816B51176009AC961 /* SourceSansPro-LightIt.otf */,
				F0F1725916B51176009AC961 /* SourceSansPro-Regular.otf */,
				F0F1725A16B51176009AC961 /* SourceSansPro-Semibold.otf */,
				F0F1725B16B51176009AC961 /* SourceSansPro-SemiboldIt.otf */,
				F0C877B016B4BF60004A8E30 /* Rambla-Bold.ttf */,
				F0C877B116B4BF60004A8E30 /* Rambla-BoldItalic.ttf */,
				F0C877B216B4BF60004A8E30 /* Rambla-Italic.ttf */,
				F0C877B316B4BF60004A8E30 /* Rambla-Regular.ttf */,
			);
			name = Fonts;
			sourceTree = "<group>";
		};
		F0D2A06C16B4AE0A007252F4 /* Resources */ = {
			isa = PBXGroup;
			children = (
				F0F1724D16B502B1009AC961 /* Navbar */,
				F0C877B416B4BF66004A8E30 /* Fonts */,
				F0C877A316B4B6B5004A8E30 /* Item images */,
				F0D2A06D16B4AE14007252F4 /* Search list cell */,
			);
			name = Resources;
			sourceTree = "<group>";
		};
		F0D2A06D16B4AE14007252F4 /* Search list cell */ = {
			isa = PBXGroup;
			children = (
				F0D2A06A16B4AE05007252F4 /* search_list_sell_background.png */,
			);
			name = "Search list cell";
			sourceTree = "<group>";
		};
		F0F1724816B5029C009AC961 /* Navbar */ = {
			isa = PBXGroup;
			children = (
				F018B0B816B4F9B300516B3A /* NavigationView.h */,
				F018B0B916B4F9B300516B3A /* NavigationView.m */,
				F018B0BB16B4FAEA00516B3A /* TheListNavigationViewController.h */,
				F018B0BC16B4FAEA00516B3A /* TheListNavigationViewController.m */,
			);
			name = Navbar;
			sourceTree = "<group>";
		};
		F0F1724D16B502B1009AC961 /* Navbar */ = {
			isa = PBXGroup;
			children = (
				F0F1724916B502A4009AC961 /* arrowRight.png */,
				F0F1724B16B502A9009AC961 /* arrowLeft.png */,
			);
			name = Navbar;
			sourceTree = "<group>";
		};
/* End PBXGroup section */

/* Begin PBXNativeTarget section */
		F032EF4516B4688600895675 /* theList */ = {
			isa = PBXNativeTarget;
			buildConfigurationList = F032EF6C16B4688700895675 /* Build configuration list for PBXNativeTarget "theList" */;
			buildPhases = (
				F032EF4216B4688600895675 /* Sources */,
				F032EF4316B4688600895675 /* Frameworks */,
				F032EF4416B4688600895675 /* Resources */,
			);
			buildRules = (
			);
			dependencies = (
			);
			name = theList;
			productName = theList;
			productReference = F032EF4616B4688600895675 /* theList.app */;
			productType = "com.apple.product-type.application";
		};
/* End PBXNativeTarget section */

/* Begin PBXProject section */
		F032EF3E16B4688600895675 /* Project object */ = {
			isa = PBXProject;
			attributes = {
				LastUpgradeCheck = 0460;
				ORGANIZATIONNAME = "Eugene Bistolas";
			};
			buildConfigurationList = F032EF4116B4688600895675 /* Build configuration list for PBXProject "theList" */;
			compatibilityVersion = "Xcode 3.2";
			developmentRegion = English;
			hasScannedForEncodings = 0;
			knownRegions = (
				en,
			);
			mainGroup = F032EF3D16B4688600895675;
			productRefGroup = F032EF4716B4688600895675 /* Products */;
			projectDirPath = "";
			projectRoot = "";
			targets = (
				F032EF4516B4688600895675 /* theList */,
			);
		};
/* End PBXProject section */

/* Begin PBXResourcesBuildPhase section */
		F032EF4416B4688600895675 /* Resources */ = {
			isa = PBXResourcesBuildPhase;
			buildActionMask = 2147483647;
			files = (
				F0F1725C16B51207009AC961 /* SourceSansPro-Black.otf in Resources */,
				F0F1725D16B51207009AC961 /* SourceSansPro-BlackIt.otf in Resources */,
				F0F1725E16B51207009AC961 /* SourceSansPro-Bold.otf in Resources */,
				F0F1725F16B51207009AC961 /* SourceSansPro-BoldIt.otf in Resources */,
				F0F1726016B51207009AC961 /* SourceSansPro-ExtraLight.otf in Resources */,
				F0F1726116B51207009AC961 /* SourceSansPro-ExtraLightIt.otf in Resources */,
				F0F1726216B51207009AC961 /* SourceSansPro-It.otf in Resources */,
				F0F1726316B51207009AC961 /* SourceSansPro-Light.otf in Resources */,
				F0F1726416B51207009AC961 /* SourceSansPro-LightIt.otf in Resources */,
				F0F1726516B51207009AC961 /* SourceSansPro-Regular.otf in Resources */,
				F0F1726616B51207009AC961 /* SourceSansPro-Semibold.otf in Resources */,
				F0F1726716B51207009AC961 /* SourceSansPro-SemiboldIt.otf in Resources */,
				F0C877B516B4C035004A8E30 /* Rambla-Bold.ttf in Resources */,
				F0C877B616B4C035004A8E30 /* Rambla-BoldItalic.ttf in Resources */,
				F0C877B716B4C035004A8E30 /* Rambla-Italic.ttf in Resources */,
				F0C877B816B4C035004A8E30 /* Rambla-Regular.ttf in Resources */,
				F032EF5416B4688600895675 /* InfoPlist.strings in Resources */,
				F032EF5C16B4688600895675 /* Default.png in Resources */,
				F032EF5E16B4688600895675 /* Default@2x.png in Resources */,
				F032EF6016B4688600895675 /* Default-568h@2x.png in Resources */,
				F0D2A06B16B4AE05007252F4 /* search_list_sell_background.png in Resources */,
				F0C877AA16B4B89F004A8E30 /* fatcat.jpg in Resources */,
				F0C877AB16B4B89F004A8E30 /* fixie1.jpg in Resources */,
				F0C877AC16B4B89F004A8E30 /* fixie2.jpg in Resources */,
				F0C877AD16B4B89F004A8E30 /* fixie3.jpg in Resources */,
				F0C877AE16B4B89F004A8E30 /* gti.jpg in Resources */,
				F0C877AF16B4B89F004A8E30 /* macbook.png in Resources */,
				F018B0B216B4F8B100516B3A /* back-arrow.png in Resources */,
				F018B0B316B4F8B100516B3A /* back-arrow@2x.png in Resources */,
				F018B0B416B4F8B100516B3A /* menu-icon.png in Resources */,
				F018B0B516B4F8B100516B3A /* menu-icon@2x.png in Resources */,
				F0F1724716B4FE75009AC961 /* iPhone.jpeg in Resources */,
				F0F1724A16B502A4009AC961 /* arrowRight.png in Resources */,
				F0F1724C16B502A9009AC961 /* arrowLeft.png in Resources */,
				F0F1724F16B50EB2009AC961 /* fattestcat.jpg in Resources */,
			);
			runOnlyForDeploymentPostprocessing = 0;
		};
/* End PBXResourcesBuildPhase section */

/* Begin PBXSourcesBuildPhase section */
		F032EF4216B4688600895675 /* Sources */ = {
			isa = PBXSourcesBuildPhase;
			buildActionMask = 2147483647;
			files = (
				F032EF5616B4688600895675 /* main.m in Sources */,
				F032EF5A16B4688600895675 /* AppDelegate.m in Sources */,
				F0A9DAC916B49D7700CB63A2 /* LaunchScreenViewController.m in Sources */,
				AC47020116B4A6010079DF39 /* LoginViewController.m in Sources */,
				F0D2A06616B4A775007252F4 /* SearchResultsViewController_OLD.m in Sources */,
				F0D2A06916B4A960007252F4 /* SearchResultsListCell.m in Sources */,
				F0C877BB16B4C9D8004A8E30 /* SearchResultsImageCell.m in Sources */,
				F01CC2AE16B4F5A2006D04D8 /* SearchResultsViewController.m in Sources */,
				F018B0B616B4F8B100516B3A /* MFSideMenu.m in Sources */,
				F018B0B716B4F8B100516B3A /* UINavigationController+MFSideMenu.m in Sources */,
				F018B0BA16B4F9B300516B3A /* NavigationView.m in Sources */,
				F018B0BD16B4FAEA00516B3A /* TheListNavigationViewController.m in Sources */,
				ACDA3D0D16B519A500DD4461 /* UserDetailViewController.m in Sources */,
			);
			runOnlyForDeploymentPostprocessing = 0;
		};
/* End PBXSourcesBuildPhase section */

/* Begin PBXVariantGroup section */
		F032EF5216B4688600895675 /* InfoPlist.strings */ = {
			isa = PBXVariantGroup;
			children = (
				F032EF5316B4688600895675 /* en */,
			);
			name = InfoPlist.strings;
			sourceTree = "<group>";
		};
/* End PBXVariantGroup section */

/* Begin XCBuildConfiguration section */
		F032EF6A16B4688700895675 /* Debug */ = {
			isa = XCBuildConfiguration;
			buildSettings = {
				ALWAYS_SEARCH_USER_PATHS = NO;
				CLANG_CXX_LANGUAGE_STANDARD = "gnu++0x";
				CLANG_CXX_LIBRARY = "libc++";
				CLANG_ENABLE_OBJC_ARC = YES;
				CLANG_WARN_CONSTANT_CONVERSION = YES;
				CLANG_WARN_EMPTY_BODY = YES;
				CLANG_WARN_ENUM_CONVERSION = YES;
				CLANG_WARN_INT_CONVERSION = YES;
				CLANG_WARN__DUPLICATE_METHOD_MATCH = YES;
				CODE_SIGN_IDENTITY = "iPhone Developer: Donald Percivalle (GJ84KWQ5ZG)";
				"CODE_SIGN_IDENTITY[sdk=iphoneos*]" = "iPhone Developer: Donald Percivalle (GJ84KWQ5ZG)";
				COPY_PHASE_STRIP = NO;
				GCC_C_LANGUAGE_STANDARD = gnu99;
				GCC_DYNAMIC_NO_PIC = NO;
				GCC_OPTIMIZATION_LEVEL = 0;
				GCC_PREPROCESSOR_DEFINITIONS = (
					"DEBUG=1",
					"$(inherited)",
				);
				GCC_SYMBOLS_PRIVATE_EXTERN = NO;
				GCC_WARN_64_TO_32_BIT_CONVERSION = YES;
				GCC_WARN_ABOUT_RETURN_TYPE = YES;
				GCC_WARN_UNINITIALIZED_AUTOS = YES;
				GCC_WARN_UNUSED_VARIABLE = YES;
				IPHONEOS_DEPLOYMENT_TARGET = 6.0;
				ONLY_ACTIVE_ARCH = YES;
				PROVISIONING_PROFILE = "6634AEAB-064D-4326-B457-4F622645298D";
				"PROVISIONING_PROFILE[sdk=iphoneos*]" = "6634AEAB-064D-4326-B457-4F622645298D";
				SDKROOT = iphoneos;
				TARGETED_DEVICE_FAMILY = "1,2";
			};
			name = Debug;
		};
		F032EF6B16B4688700895675 /* Release */ = {
			isa = XCBuildConfiguration;
			buildSettings = {
				ALWAYS_SEARCH_USER_PATHS = NO;
				CLANG_CXX_LANGUAGE_STANDARD = "gnu++0x";
				CLANG_CXX_LIBRARY = "libc++";
				CLANG_ENABLE_OBJC_ARC = YES;
				CLANG_WARN_CONSTANT_CONVERSION = YES;
				CLANG_WARN_EMPTY_BODY = YES;
				CLANG_WARN_ENUM_CONVERSION = YES;
				CLANG_WARN_INT_CONVERSION = YES;
				CLANG_WARN__DUPLICATE_METHOD_MATCH = YES;
				CODE_SIGN_IDENTITY = "iPhone Developer: Donald Percivalle (GJ84KWQ5ZG)";
				"CODE_SIGN_IDENTITY[sdk=iphoneos*]" = "iPhone Developer: Donald Percivalle (GJ84KWQ5ZG)";
				COPY_PHASE_STRIP = YES;
				GCC_C_LANGUAGE_STANDARD = gnu99;
				GCC_WARN_64_TO_32_BIT_CONVERSION = YES;
				GCC_WARN_ABOUT_RETURN_TYPE = YES;
				GCC_WARN_UNINITIALIZED_AUTOS = YES;
				GCC_WARN_UNUSED_VARIABLE = YES;
				IPHONEOS_DEPLOYMENT_TARGET = 6.0;
				OTHER_CFLAGS = "-DNS_BLOCK_ASSERTIONS=1";
				PROVISIONING_PROFILE = "6634AEAB-064D-4326-B457-4F622645298D";
				"PROVISIONING_PROFILE[sdk=iphoneos*]" = "6634AEAB-064D-4326-B457-4F622645298D";
				SDKROOT = iphoneos;
				TARGETED_DEVICE_FAMILY = "1,2";
				VALIDATE_PRODUCT = YES;
			};
			name = Release;
		};
		F032EF6D16B4688700895675 /* Debug */ = {
			isa = XCBuildConfiguration;
			buildSettings = {
				CODE_SIGN_IDENTITY = "iPhone Developer: Donald Percivalle (GJ84KWQ5ZG)";
				"CODE_SIGN_IDENTITY[sdk=iphoneos*]" = "iPhone Developer: Donald Percivalle (GJ84KWQ5ZG)";
				FRAMEWORK_SEARCH_PATHS = (
					"$(inherited)",
					"\"$(SRCROOT)\"",
				);
				GCC_PRECOMPILE_PREFIX_HEADER = YES;
				GCC_PREFIX_HEADER = "theList/theList-Prefix.pch";
				INFOPLIST_FILE = "theList/theList-Info.plist";
				IPHONEOS_DEPLOYMENT_TARGET = 6.0;
				PRODUCT_NAME = "$(TARGET_NAME)";
				PROVISIONING_PROFILE = "A2ADCEAB-8EDA-4C32-A1B3-238941454D29";
				"PROVISIONING_PROFILE[sdk=iphoneos*]" = "A2ADCEAB-8EDA-4C32-A1B3-238941454D29";
				TARGETED_DEVICE_FAMILY = 1;
				WRAPPER_EXTENSION = app;
			};
			name = Debug;
		};
		F032EF6E16B4688700895675 /* Release */ = {
			isa = XCBuildConfiguration;
			buildSettings = {
				CODE_SIGN_IDENTITY = "iPhone Developer: Donald Percivalle (GJ84KWQ5ZG)";
				"CODE_SIGN_IDENTITY[sdk=iphoneos*]" = "iPhone Developer: Donald Percivalle (GJ84KWQ5ZG)";
				FRAMEWORK_SEARCH_PATHS = (
					"$(inherited)",
					"\"$(SRCROOT)\"",
				);
				GCC_PRECOMPILE_PREFIX_HEADER = YES;
				GCC_PREFIX_HEADER = "theList/theList-Prefix.pch";
				INFOPLIST_FILE = "theList/theList-Info.plist";
				IPHONEOS_DEPLOYMENT_TARGET = 6.0;
				PRODUCT_NAME = "$(TARGET_NAME)";
				PROVISIONING_PROFILE = "A2ADCEAB-8EDA-4C32-A1B3-238941454D29";
				"PROVISIONING_PROFILE[sdk=iphoneos*]" = "A2ADCEAB-8EDA-4C32-A1B3-238941454D29";
				TARGETED_DEVICE_FAMILY = 1;
				WRAPPER_EXTENSION = app;
			};
			name = Release;
		};
/* End XCBuildConfiguration section */

/* Begin XCConfigurationList section */
		F032EF4116B4688600895675 /* Build configuration list for PBXProject "theList" */ = {
			isa = XCConfigurationList;
			buildConfigurations = (
				F032EF6A16B4688700895675 /* Debug */,
				F032EF6B16B4688700895675 /* Release */,
			);
			defaultConfigurationIsVisible = 0;
			defaultConfigurationName = Release;
		};
		F032EF6C16B4688700895675 /* Build configuration list for PBXNativeTarget "theList" */ = {
			isa = XCConfigurationList;
			buildConfigurations = (
				F032EF6D16B4688700895675 /* Debug */,
				F032EF6E16B4688700895675 /* Release */,
			);
			defaultConfigurationIsVisible = 0;
			defaultConfigurationName = Release;
		};
/* End XCConfigurationList section */
	};
	rootObject = F032EF3E16B4688600895675 /* Project object */;
}
